
Microsoft Visual Studio Solution File, Format Version 12.00
# Visual Studio 15
VisualStudioVersion = 15.0.26124.0
MinimumVisualStudioVersion = 15.0.26124.0
Project("{FAE04EC0-301F-11D3-BF4B-00C04F79EFBC}") = "DotnetAuCarScraper", "CdkStack\DotnetAuCarScraper.csproj", "{DE864E16-F04C-4E9E-99FE-43868A55F0CA}"
EndProject
Project("{2150E333-8FDC-42A3-9474-1A3956D46DE8}") = "AudiParser", "AudiParser", "{FE90FABC-6AC6-4575-8A66-05F6A4CC32EC}"
EndProject
Project("{2150E333-8FDC-42A3-9474-1A3956D46DE8}") = "src", "src", "{5B9E9E53-77FE-4534-983A-042D86E2FB27}"
EndProject
Project("{FAE04EC0-301F-11D3-BF4B-00C04F79EFBC}") = "AudiParser", "AudiParser\src\AudiParser\AudiParser.csproj", "{62980F33-F2B8-4417-AFCD-9AE30EEECC7E}"
EndProject
Project("{2150E333-8FDC-42A3-9474-1A3956D46DE8}") = "test", "test", "{B6E19721-6D06-4A6D-B0C3-3F894B26C66A}"
EndProject
Project("{FAE04EC0-301F-11D3-BF4B-00C04F79EFBC}") = "AudiParser.Tests", "AudiParser\test\AudiParser.Tests\AudiParser.Tests.csproj", "{0362AE48-AE62-4D1E-981C-312A52226739}"
EndProject
Project("{2150E333-8FDC-42A3-9474-1A3956D46DE8}") = "AudiScraper", "AudiScraper", "{03C75417-1811-43C6-A1A6-BA233DFDDDC5}"
EndProject
Project("{2150E333-8FDC-42A3-9474-1A3956D46DE8}") = "src", "src", "{D7FA4E4D-1167-40CA-9878-8D04AA054077}"
EndProject
Project("{FAE04EC0-301F-11D3-BF4B-00C04F79EFBC}") = "AudiScraper", "AudiScraper\src\AudiScraper\AudiScraper.csproj", "{81DCB9D4-8306-413F-9D6D-02B08C942C03}"
EndProject
Project("{2150E333-8FDC-42A3-9474-1A3956D46DE8}") = "test", "test", "{F6FF6E5D-1FFC-49C5-90D4-A0534F8B23E4}"
EndProject
Project("{FAE04EC0-301F-11D3-BF4B-00C04F79EFBC}") = "AudiScraper.Tests", "AudiScraper\test\AudiScraper.Tests\AudiScraper.Tests.csproj", "{C2C74892-E15C-4B25-834C-7845576B39B2}"
EndProject
Project("{2150E333-8FDC-42A3-9474-1A3956D46DE8}") = "RetrieveAudiData", "RetrieveAudiData", "{E64C4261-6C65-4C0D-89C3-F4493915A484}"
EndProject
Project("{2150E333-8FDC-42A3-9474-1A3956D46DE8}") = "src", "src", "{0E357AAC-2E87-4703-A466-0785C630F51C}"
EndProject
Project("{FAE04EC0-301F-11D3-BF4B-00C04F79EFBC}") = "RetrieveAudiData", "RetrieveAudiData\src\RetrieveAudiData\RetrieveAudiData.csproj", "{55EEC681-F1BE-4242-BD3C-15B2447BA96D}"
EndProject
Project("{2150E333-8FDC-42A3-9474-1A3956D46DE8}") = "test", "test", "{0925E930-C1AF-4879-B2D1-3616DAF2CF00}"
EndProject
Project("{FAE04EC0-301F-11D3-BF4B-00C04F79EFBC}") = "RetrieveAudiData.Tests", "RetrieveAudiData\test\RetrieveAudiData.Tests\RetrieveAudiData.Tests.csproj", "{DB7B84CA-2B2D-4EDA-9327-8DFC2969E699}"
EndProject
Global
	GlobalSection(SolutionConfigurationPlatforms) = preSolution
		Debug|Any CPU = Debug|Any CPU
		Debug|x64 = Debug|x64
		Debug|x86 = Debug|x86
		Release|Any CPU = Release|Any CPU
		Release|x64 = Release|x64
		Release|x86 = Release|x86
	EndGlobalSection
	GlobalSection(SolutionProperties) = preSolution
		HideSolutionNode = FALSE
	EndGlobalSection
	GlobalSection(ProjectConfigurationPlatforms) = postSolution
		{DE864E16-F04C-4E9E-99FE-43868A55F0CA}.Debug|Any CPU.ActiveCfg = Debug|Any CPU
		{DE864E16-F04C-4E9E-99FE-43868A55F0CA}.Debug|Any CPU.Build.0 = Debug|Any CPU
		{DE864E16-F04C-4E9E-99FE-43868A55F0CA}.Debug|x64.ActiveCfg = Debug|Any CPU
		{DE864E16-F04C-4E9E-99FE-43868A55F0CA}.Debug|x64.Build.0 = Debug|Any CPU
		{DE864E16-F04C-4E9E-99FE-43868A55F0CA}.Debug|x86.ActiveCfg = Debug|Any CPU
		{DE864E16-F04C-4E9E-99FE-43868A55F0CA}.Debug|x86.Build.0 = Debug|Any CPU
		{DE864E16-F04C-4E9E-99FE-43868A55F0CA}.Release|Any CPU.ActiveCfg = Release|Any CPU
		{DE864E16-F04C-4E9E-99FE-43868A55F0CA}.Release|Any CPU.Build.0 = Release|Any CPU
		{DE864E16-F04C-4E9E-99FE-43868A55F0CA}.Release|x64.ActiveCfg = Release|Any CPU
		{DE864E16-F04C-4E9E-99FE-43868A55F0CA}.Release|x64.Build.0 = Release|Any CPU
		{DE864E16-F04C-4E9E-99FE-43868A55F0CA}.Release|x86.ActiveCfg = Release|Any CPU
		{DE864E16-F04C-4E9E-99FE-43868A55F0CA}.Release|x86.Build.0 = Release|Any CPU
		{62980F33-F2B8-4417-AFCD-9AE30EEECC7E}.Debug|Any CPU.ActiveCfg = Debug|Any CPU
		{62980F33-F2B8-4417-AFCD-9AE30EEECC7E}.Debug|Any CPU.Build.0 = Debug|Any CPU
		{62980F33-F2B8-4417-AFCD-9AE30EEECC7E}.Debug|x64.ActiveCfg = Debug|Any CPU
		{62980F33-F2B8-4417-AFCD-9AE30EEECC7E}.Debug|x64.Build.0 = Debug|Any CPU
		{62980F33-F2B8-4417-AFCD-9AE30EEECC7E}.Debug|x86.ActiveCfg = Debug|Any CPU
		{62980F33-F2B8-4417-AFCD-9AE30EEECC7E}.Debug|x86.Build.0 = Debug|Any CPU
		{62980F33-F2B8-4417-AFCD-9AE30EEECC7E}.Release|Any CPU.ActiveCfg = Release|Any CPU
		{62980F33-F2B8-4417-AFCD-9AE30EEECC7E}.Release|Any CPU.Build.0 = Release|Any CPU
		{62980F33-F2B8-4417-AFCD-9AE30EEECC7E}.Release|x64.ActiveCfg = Release|Any CPU
		{62980F33-F2B8-4417-AFCD-9AE30EEECC7E}.Release|x64.Build.0 = Release|Any CPU
		{62980F33-F2B8-4417-AFCD-9AE30EEECC7E}.Release|x86.ActiveCfg = Release|Any CPU
		{62980F33-F2B8-4417-AFCD-9AE30EEECC7E}.Release|x86.Build.0 = Release|Any CPU
		{0362AE48-AE62-4D1E-981C-312A52226739}.Debug|Any CPU.ActiveCfg = Debug|Any CPU
		{0362AE48-AE62-4D1E-981C-312A52226739}.Debug|Any CPU.Build.0 = Debug|Any CPU
		{0362AE48-AE62-4D1E-981C-312A52226739}.Debug|x64.ActiveCfg = Debug|Any CPU
		{0362AE48-AE62-4D1E-981C-312A52226739}.Debug|x64.Build.0 = Debug|Any CPU
		{0362AE48-AE62-4D1E-981C-312A52226739}.Debug|x86.ActiveCfg = Debug|Any CPU
		{0362AE48-AE62-4D1E-981C-312A52226739}.Debug|x86.Build.0 = Debug|Any CPU
		{0362AE48-AE62-4D1E-981C-312A52226739}.Release|Any CPU.ActiveCfg = Release|Any CPU
		{0362AE48-AE62-4D1E-981C-312A52226739}.Release|Any CPU.Build.0 = Release|Any CPU
		{0362AE48-AE62-4D1E-981C-312A52226739}.Release|x64.ActiveCfg = Release|Any CPU
		{0362AE48-AE62-4D1E-981C-312A52226739}.Release|x64.Build.0 = Release|Any CPU
		{0362AE48-AE62-4D1E-981C-312A52226739}.Release|x86.ActiveCfg = Release|Any CPU
		{0362AE48-AE62-4D1E-981C-312A52226739}.Release|x86.Build.0 = Release|Any CPU
		{81DCB9D4-8306-413F-9D6D-02B08C942C03}.Debug|Any CPU.ActiveCfg = Debug|Any CPU
		{81DCB9D4-8306-413F-9D6D-02B08C942C03}.Debug|Any CPU.Build.0 = Debug|Any CPU
		{81DCB9D4-8306-413F-9D6D-02B08C942C03}.Debug|x64.ActiveCfg = Debug|Any CPU
		{81DCB9D4-8306-413F-9D6D-02B08C942C03}.Debug|x64.Build.0 = Debug|Any CPU
		{81DCB9D4-8306-413F-9D6D-02B08C942C03}.Debug|x86.ActiveCfg = Debug|Any CPU
		{81DCB9D4-8306-413F-9D6D-02B08C942C03}.Debug|x86.Build.0 = Debug|Any CPU
		{81DCB9D4-8306-413F-9D6D-02B08C942C03}.Release|Any CPU.ActiveCfg = Release|Any CPU
		{81DCB9D4-8306-413F-9D6D-02B08C942C03}.Release|Any CPU.Build.0 = Release|Any CPU
		{81DCB9D4-8306-413F-9D6D-02B08C942C03}.Release|x64.ActiveCfg = Release|Any CPU
		{81DCB9D4-8306-413F-9D6D-02B08C942C03}.Release|x64.Build.0 = Release|Any CPU
		{81DCB9D4-8306-413F-9D6D-02B08C942C03}.Release|x86.ActiveCfg = Release|Any CPU
		{81DCB9D4-8306-413F-9D6D-02B08C942C03}.Release|x86.Build.0 = Release|Any CPU
		{C2C74892-E15C-4B25-834C-7845576B39B2}.Debug|Any CPU.ActiveCfg = Debug|Any CPU
		{C2C74892-E15C-4B25-834C-7845576B39B2}.Debug|Any CPU.Build.0 = Debug|Any CPU
		{C2C74892-E15C-4B25-834C-7845576B39B2}.Debug|x64.ActiveCfg = Debug|Any CPU
		{C2C74892-E15C-4B25-834C-7845576B39B2}.Debug|x64.Build.0 = Debug|Any CPU
		{C2C74892-E15C-4B25-834C-7845576B39B2}.Debug|x86.ActiveCfg = Debug|Any CPU
		{C2C74892-E15C-4B25-834C-7845576B39B2}.Debug|x86.Build.0 = Debug|Any CPU
		{C2C74892-E15C-4B25-834C-7845576B39B2}.Release|Any CPU.ActiveCfg = Release|Any CPU
		{C2C74892-E15C-4B25-834C-7845576B39B2}.Release|Any CPU.Build.0 = Release|Any CPU
		{C2C74892-E15C-4B25-834C-7845576B39B2}.Release|x64.ActiveCfg = Release|Any CPU
		{C2C74892-E15C-4B25-834C-7845576B39B2}.Release|x64.Build.0 = Release|Any CPU
		{C2C74892-E15C-4B25-834C-7845576B39B2}.Release|x86.ActiveCfg = Release|Any CPU
		{C2C74892-E15C-4B25-834C-7845576B39B2}.Release|x86.Build.0 = Release|Any CPU
		{55EEC681-F1BE-4242-BD3C-15B2447BA96D}.Debug|Any CPU.ActiveCfg = Debug|Any CPU
		{55EEC681-F1BE-4242-BD3C-15B2447BA96D}.Debug|Any CPU.Build.0 = Debug|Any CPU
		{55EEC681-F1BE-4242-BD3C-15B2447BA96D}.Debug|x64.ActiveCfg = Debug|Any CPU
		{55EEC681-F1BE-4242-BD3C-15B2447BA96D}.Debug|x64.Build.0 = Debug|Any CPU
		{55EEC681-F1BE-4242-BD3C-15B2447BA96D}.Debug|x86.ActiveCfg = Debug|Any CPU
		{55EEC681-F1BE-4242-BD3C-15B2447BA96D}.Debug|x86.Build.0 = Debug|Any CPU
		{55EEC681-F1BE-4242-BD3C-15B2447BA96D}.Release|Any CPU.ActiveCfg = Release|Any CPU
		{55EEC681-F1BE-4242-BD3C-15B2447BA96D}.Release|Any CPU.Build.0 = Release|Any CPU
		{55EEC681-F1BE-4242-BD3C-15B2447BA96D}.Release|x64.ActiveCfg = Release|Any CPU
		{55EEC681-F1BE-4242-BD3C-15B2447BA96D}.Release|x64.Build.0 = Release|Any CPU
		{55EEC681-F1BE-4242-BD3C-15B2447BA96D}.Release|x86.ActiveCfg = Release|Any CPU
		{55EEC681-F1BE-4242-BD3C-15B2447BA96D}.Release|x86.Build.0 = Release|Any CPU
		{DB7B84CA-2B2D-4EDA-9327-8DFC2969E699}.Debug|Any CPU.ActiveCfg = Debug|Any CPU
		{DB7B84CA-2B2D-4EDA-9327-8DFC2969E699}.Debug|Any CPU.Build.0 = Debug|Any CPU
		{DB7B84CA-2B2D-4EDA-9327-8DFC2969E699}.Debug|x64.ActiveCfg = Debug|Any CPU
		{DB7B84CA-2B2D-4EDA-9327-8DFC2969E699}.Debug|x64.Build.0 = Debug|Any CPU
		{DB7B84CA-2B2D-4EDA-9327-8DFC2969E699}.Debug|x86.ActiveCfg = Debug|Any CPU
		{DB7B84CA-2B2D-4EDA-9327-8DFC2969E699}.Debug|x86.Build.0 = Debug|Any CPU
		{DB7B84CA-2B2D-4EDA-9327-8DFC2969E699}.Release|Any CPU.ActiveCfg = Release|Any CPU
		{DB7B84CA-2B2D-4EDA-9327-8DFC2969E699}.Release|Any CPU.Build.0 = Release|Any CPU
		{DB7B84CA-2B2D-4EDA-9327-8DFC2969E699}.Release|x64.ActiveCfg = Release|Any CPU
		{DB7B84CA-2B2D-4EDA-9327-8DFC2969E699}.Release|x64.Build.0 = Release|Any CPU
		{DB7B84CA-2B2D-4EDA-9327-8DFC2969E699}.Release|x86.ActiveCfg = Release|Any CPU
		{DB7B84CA-2B2D-4EDA-9327-8DFC2969E699}.Release|x86.Build.0 = Release|Any CPU
		{607E4865-C6EC-465B-B427-BC198E9AB325}.Debug|Any CPU.ActiveCfg = Debug|Any CPU
		{607E4865-C6EC-465B-B427-BC198E9AB325}.Debug|Any CPU.Build.0 = Debug|Any CPU
		{607E4865-C6EC-465B-B427-BC198E9AB325}.Debug|x64.ActiveCfg = Debug|Any CPU
		{607E4865-C6EC-465B-B427-BC198E9AB325}.Debug|x64.Build.0 = Debug|Any CPU
		{607E4865-C6EC-465B-B427-BC198E9AB325}.Debug|x86.ActiveCfg = Debug|Any CPU
		{607E4865-C6EC-465B-B427-BC198E9AB325}.Debug|x86.Build.0 = Debug|Any CPU
		{607E4865-C6EC-465B-B427-BC198E9AB325}.Release|Any CPU.ActiveCfg = Release|Any CPU
		{607E4865-C6EC-465B-B427-BC198E9AB325}.Release|Any CPU.Build.0 = Release|Any CPU
		{607E4865-C6EC-465B-B427-BC198E9AB325}.Release|x64.ActiveCfg = Release|Any CPU
		{607E4865-C6EC-465B-B427-BC198E9AB325}.Release|x64.Build.0 = Release|Any CPU
		{607E4865-C6EC-465B-B427-BC198E9AB325}.Release|x86.ActiveCfg = Release|Any CPU
		{607E4865-C6EC-465B-B427-BC198E9AB325}.Release|x86.Build.0 = Release|Any CPU
	EndGlobalSection
	GlobalSection(NestedProjects) = preSolution
		{5B9E9E53-77FE-4534-983A-042D86E2FB27} = {FE90FABC-6AC6-4575-8A66-05F6A4CC32EC}
		{62980F33-F2B8-4417-AFCD-9AE30EEECC7E} = {5B9E9E53-77FE-4534-983A-042D86E2FB27}
		{B6E19721-6D06-4A6D-B0C3-3F894B26C66A} = {FE90FABC-6AC6-4575-8A66-05F6A4CC32EC}
		{0362AE48-AE62-4D1E-981C-312A52226739} = {B6E19721-6D06-4A6D-B0C3-3F894B26C66A}
		{D7FA4E4D-1167-40CA-9878-8D04AA054077} = {03C75417-1811-43C6-A1A6-BA233DFDDDC5}
		{81DCB9D4-8306-413F-9D6D-02B08C942C03} = {D7FA4E4D-1167-40CA-9878-8D04AA054077}
		{F6FF6E5D-1FFC-49C5-90D4-A0534F8B23E4} = {03C75417-1811-43C6-A1A6-BA233DFDDDC5}
		{C2C74892-E15C-4B25-834C-7845576B39B2} = {F6FF6E5D-1FFC-49C5-90D4-A0534F8B23E4}
		{0E357AAC-2E87-4703-A466-0785C630F51C} = {E64C4261-6C65-4C0D-89C3-F4493915A484}
		{55EEC681-F1BE-4242-BD3C-15B2447BA96D} = {0E357AAC-2E87-4703-A466-0785C630F51C}
		{0925E930-C1AF-4879-B2D1-3616DAF2CF00} = {E64C4261-6C65-4C0D-89C3-F4493915A484}
		{DB7B84CA-2B2D-4EDA-9327-8DFC2969E699} = {0925E930-C1AF-4879-B2D1-3616DAF2CF00}
	EndGlobalSection
EndGlobal
